// !$*UTF8*$!
{
	archiveVersion = 1;
	classes = {
	};
	objectVersion = 46;
	objects = {

/* Begin PBXBuildFile section */
		6759EFCC1ECC20C200ABAD0D /* AppDelegate.swift in Sources */ = {isa = PBXBuildFile; fileRef = 6759EFCB1ECC20C200ABAD0D /* AppDelegate.swift */; };
		6759EFCE1ECC20C200ABAD0D /* ViewController.swift in Sources */ = {isa = PBXBuildFile; fileRef = 6759EFCD1ECC20C200ABAD0D /* ViewController.swift */; };
		6759EFD11ECC20C200ABAD0D /* Main.storyboard in Resources */ = {isa = PBXBuildFile; fileRef = 6759EFCF1ECC20C200ABAD0D /* Main.storyboard */; };
		6759EFD41ECC20C300ABAD0D /* testFAQ.xcdatamodeld in Sources */ = {isa = PBXBuildFile; fileRef = 6759EFD21ECC20C300ABAD0D /* testFAQ.xcdatamodeld */; };
		6759EFD61ECC20C400ABAD0D /* Assets.xcassets in Resources */ = {isa = PBXBuildFile; fileRef = 6759EFD51ECC20C400ABAD0D /* Assets.xcassets */; };
		6759EFD91ECC20C400ABAD0D /* LaunchScreen.storyboard in Resources */ = {isa = PBXBuildFile; fileRef = 6759EFD71ECC20C400ABAD0D /* LaunchScreen.storyboard */; };
		6759EFE81ECC20EF00ABAD0D /* FAQViewController.swift in Sources */ = {isa = PBXBuildFile; fileRef = 6759EFE11ECC20EF00ABAD0D /* FAQViewController.swift */; };
		6759EFE91ECC20EF00ABAD0D /* FAQ_TVCell.swift in Sources */ = {isa = PBXBuildFile; fileRef = 6759EFE21ECC20EF00ABAD0D /* FAQ_TVCell.swift */; };
		6759EFEA1ECC20EF00ABAD0D /* FAQ_TVCell.xib in Resources */ = {isa = PBXBuildFile; fileRef = 6759EFE31ECC20EF00ABAD0D /* FAQ_TVCell.xib */; };
		6759EFEB1ECC20EF00ABAD0D /* FAQItem.m in Sources */ = {isa = PBXBuildFile; fileRef = 6759EFE51ECC20EF00ABAD0D /* FAQItem.m */; };
		6759EFEC1ECC20EF00ABAD0D /* UIView+Fold.m in Sources */ = {isa = PBXBuildFile; fileRef = 6759EFE71ECC20EF00ABAD0D /* UIView+Fold.m */; };
		6759EFF21ECC2B5000ABAD0D /* inus.png in Resources */ = {isa = PBXBuildFile; fileRef = 6759EFF11ECC2B5000ABAD0D /* inus.png */; };
		6759EFF41ECC2B5800ABAD0D /* plusGreen.png in Resources */ = {isa = PBXBuildFile; fileRef = 6759EFF31ECC2B5800ABAD0D /* plusGreen.png */; };
/* End PBXBuildFile section */

/* Begin PBXFileReference section */
		6759EFC81ECC20C100ABAD0D /* testFAQ.app */ = {isa = PBXFileReference; explicitFileType = wrapper.application; includeInIndex = 0; path = testFAQ.app; sourceTree = BUILT_PRODUCTS_DIR; };
		6759EFCB1ECC20C200ABAD0D /* AppDelegate.swift */ = {isa = PBXFileReference; lastKnownFileType = sourcecode.swift; path = AppDelegate.swift; sourceTree = "<group>"; };
		6759EFCD1ECC20C200ABAD0D /* ViewController.swift */ = {isa = PBXFileReference; lastKnownFileType = sourcecode.swift; path = ViewController.swift; sourceTree = "<group>"; };
		6759EFD01ECC20C200ABAD0D /* Base */ = {isa = PBXFileReference; lastKnownFileType = file.storyboard; name = Base; path = Base.lproj/Main.storyboard; sourceTree = "<group>"; };
		6759EFD31ECC20C300ABAD0D /* testFAQ.xcdatamodel */ = {isa = PBXFileReference; lastKnownFileType = wrapper.xcdatamodel; path = testFAQ.xcdatamodel; sourceTree = "<group>"; };
		6759EFD51ECC20C400ABAD0D /* Assets.xcassets */ = {isa = PBXFileReference; lastKnownFileType = folder.assetcatalog; path = Assets.xcassets; sourceTree = "<group>"; };
		6759EFD81ECC20C400ABAD0D /* Base */ = {isa = PBXFileReference; lastKnownFileType = file.storyboard; name = Base; path = Base.lproj/LaunchScreen.storyboard; sourceTree = "<group>"; };
		6759EFDA1ECC20C400ABAD0D /* Info.plist */ = {isa = PBXFileReference; lastKnownFileType = text.plist.xml; path = Info.plist; sourceTree = "<group>"; };
		6759EFE01ECC20EE00ABAD0D /* testFAQ-Bridging-Header.h */ = {isa = PBXFileReference; lastKnownFileType = sourcecode.c.h; path = "testFAQ-Bridging-Header.h"; sourceTree = "<group>"; };
		6759EFE11ECC20EF00ABAD0D /* FAQViewController.swift */ = {isa = PBXFileReference; fileEncoding = 4; lastKnownFileType = sourcecode.swift; path = FAQViewController.swift; sourceTree = "<group>"; };
		6759EFE21ECC20EF00ABAD0D /* FAQ_TVCell.swift */ = {isa = PBXFileReference; fileEncoding = 4; lastKnownFileType = sourcecode.swift; path = FAQ_TVCell.swift; sourceTree = "<group>"; };
		6759EFE31ECC20EF00ABAD0D /* FAQ_TVCell.xib */ = {isa = PBXFileReference; fileEncoding = 4; lastKnownFileType = file.xib; path = FAQ_TVCell.xib; sourceTree = "<group>"; };
		6759EFE41ECC20EF00ABAD0D /* FAQItem.h */ = {isa = PBXFileReference; fileEncoding = 4; lastKnownFileType = sourcecode.c.h; path = FAQItem.h; sourceTree = "<group>"; };
		6759EFE51ECC20EF00ABAD0D /* FAQItem.m */ = {isa = PBXFileReference; fileEncoding = 4; lastKnownFileType = sourcecode.c.objc; path = FAQItem.m; sourceTree = "<group>"; };
		6759EFE61ECC20EF00ABAD0D /* UIView+Fold.h */ = {isa = PBXFileReference; fileEncoding = 4; lastKnownFileType = sourcecode.c.h; path = "UIView+Fold.h"; sourceTree = "<group>"; };
		6759EFE71ECC20EF00ABAD0D /* UIView+Fold.m */ = {isa = PBXFileReference; fileEncoding = 4; lastKnownFileType = sourcecode.c.objc; path = "UIView+Fold.m"; sourceTree = "<group>"; };
		6759EFF11ECC2B5000ABAD0D /* inus.png */ = {isa = PBXFileReference; lastKnownFileType = image.png; path = inus.png; sourceTree = "<group>"; };
		6759EFF31ECC2B5800ABAD0D /* plusGreen.png */ = {isa = PBXFileReference; lastKnownFileType = image.png; path = plusGreen.png; sourceTree = "<group>"; };
/* End PBXFileReference section */

/* Begin PBXFrameworksBuildPhase section */
		6759EFC51ECC20C100ABAD0D /* Frameworks */ = {
			isa = PBXFrameworksBuildPhase;
			buildActionMask = 2147483647;
			files = (
			);
			runOnlyForDeploymentPostprocessing = 0;
		};
/* End PBXFrameworksBuildPhase section */

/* Begin PBXGroup section */
		6759EFBF1ECC20C100ABAD0D = {
			isa = PBXGroup;
			children = (
				6759EFCA1ECC20C200ABAD0D /* testFAQ */,
				6759EFC91ECC20C100ABAD0D /* Products */,
			);
			sourceTree = "<group>";
		};
		6759EFC91ECC20C100ABAD0D /* Products */ = {
			isa = PBXGroup;
			children = (
				6759EFC81ECC20C100ABAD0D /* testFAQ.app */,
			);
			name = Products;
			sourceTree = "<group>";
		};
		6759EFCA1ECC20C200ABAD0D /* testFAQ */ = {
			isa = PBXGroup;
			children = (
				6759EFCB1ECC20C200ABAD0D /* AppDelegate.swift */,
				6759EFCD1ECC20C200ABAD0D /* ViewController.swift */,
				6759EFE11ECC20EF00ABAD0D /* FAQViewController.swift */,
				6759EFE21ECC20EF00ABAD0D /* FAQ_TVCell.swift */,
				6759EFE31ECC20EF00ABAD0D /* FAQ_TVCell.xib */,
				6759EFE41ECC20EF00ABAD0D /* FAQItem.h */,
				6759EFE51ECC20EF00ABAD0D /* FAQItem.m */,
				6759EFE61ECC20EF00ABAD0D /* UIView+Fold.h */,
				6759EFE71ECC20EF00ABAD0D /* UIView+Fold.m */,
				6759EFF11ECC2B5000ABAD0D /* inus.png */,
				6759EFF31ECC2B5800ABAD0D /* plusGreen.png */,
				6759EFCF1ECC20C200ABAD0D /* Main.storyboard */,
				6759EFD51ECC20C400ABAD0D /* Assets.xcassets */,
				6759EFD71ECC20C400ABAD0D /* LaunchScreen.storyboard */,
				6759EFDA1ECC20C400ABAD0D /* Info.plist */,
				6759EFD21ECC20C300ABAD0D /* testFAQ.xcdatamodeld */,
				6759EFE01ECC20EE00ABAD0D /* testFAQ-Bridging-Header.h */,
			);
			path = testFAQ;
			sourceTree = "<group>";
		};
/* End PBXGroup section */

/* Begin PBXNativeTarget section */
		6759EFC71ECC20C100ABAD0D /* testFAQ */ = {
			isa = PBXNativeTarget;
			buildConfigurationList = 6759EFDD1ECC20C400ABAD0D /* Build configuration list for PBXNativeTarget "testFAQ" */;
			buildPhases = (
				6759EFC41ECC20C100ABAD0D /* Sources */,
				6759EFC51ECC20C100ABAD0D /* Frameworks */,
				6759EFC61ECC20C100ABAD0D /* Resources */,
			);
			buildRules = (
			);
			dependencies = (
			);
			name = testFAQ;
			productName = testFAQ;
			productReference = 6759EFC81ECC20C100ABAD0D /* testFAQ.app */;
			productType = "com.apple.product-type.application";
		};
/* End PBXNativeTarget section */

/* Begin PBXProject section */
		6759EFC01ECC20C100ABAD0D /* Project object */ = {
			isa = PBXProject;
			attributes = {
				LastSwiftUpdateCheck = 0820;
				LastUpgradeCheck = 0820;
				ORGANIZATIONNAME = "Parkhya Solutions";
				TargetAttributes = {
					6759EFC71ECC20C100ABAD0D = {
						CreatedOnToolsVersion = 8.2.1;
						DevelopmentTeam = RXRA63Q8FB;
						LastSwiftMigration = 0820;
						ProvisioningStyle = Automatic;
					};
				};
			};
			buildConfigurationList = 6759EFC31ECC20C100ABAD0D /* Build configuration list for PBXProject "testFAQ" */;
			compatibilityVersion = "Xcode 3.2";
			developmentRegion = English;
			hasScannedForEncodings = 0;
			knownRegions = (
				en,
				Base,
			);
			mainGroup = 6759EFBF1ECC20C100ABAD0D;
			productRefGroup = 6759EFC91ECC20C100ABAD0D /* Products */;
			projectDirPath = "";
			projectRoot = "";
			targets = (
				6759EFC71ECC20C100ABAD0D /* testFAQ */,
			);
		};
/* End PBXProject section */

/* Begin PBXResourcesBuildPhase section */
		6759EFC61ECC20C100ABAD0D /* Resources */ = {
			isa = PBXResourcesBuildPhase;
			buildActionMask = 2147483647;
			files = (
				6759EFEA1ECC20EF00ABAD0D /* FAQ_TVCell.xib in Resources */,
				6759EFF21ECC2B5000ABAD0D /* inus.png in Resources */,
				6759EFD91ECC20C400ABAD0D /* LaunchScreen.storyboard in Resources */,
				6759EFF41ECC2B5800ABAD0D /* plusGreen.png in Resources */,
				6759EFD61ECC20C400ABAD0D /* Assets.xcassets in Resources */,
				6759EFD11ECC20C200ABAD0D /* Main.storyboard in Resources */,
			);
			runOnlyForDeploymentPostprocessing = 0;
		};
/* End PBXResourcesBuildPhase section */

/* Begin PBXSourcesBuildPhase section */
		6759EFC41ECC20C100ABAD0D /* Sources */ = {
			isa = PBXSourcesBuildPhase;
			buildActionMask = 2147483647;
			files = (
				6759EFCE1ECC20C200ABAD0D /* ViewController.swift in Sources */,
				6759EFEC1ECC20EF00ABAD0D /* UIView+Fold.m in Sources */,
				6759EFE81ECC20EF00ABAD0D /* FAQViewController.swift in Sources */,
				6759EFD41ECC20C300ABAD0D /* testFAQ.xcdatamodeld in Sources */,
				6759EFE91ECC20EF00ABAD0D /* FAQ_TVCell.swift in Sources */,
				6759EFCC1ECC20C200ABAD0D /* AppDelegate.swift in Sources */,
				6759EFEB1ECC20EF00ABAD0D /* FAQItem.m in Sources */,
			);
			runOnlyForDeploymentPostprocessing = 0;
		};
/* End PBXSourcesBuildPhase section */

/* Begin PBXVariantGroup section */
		6759EFCF1ECC20C200ABAD0D /* Main.storyboard */ = {
			isa = PBXVariantGroup;
			children = (
				6759EFD01ECC20C200ABAD0D /* Base */,
			);
			name = Main.storyboard;
			sourceTree = "<group>";
		};
		6759EFD71ECC20C400ABAD0D /* LaunchScreen.storyboard */ = {
			isa = PBXVariantGroup;
			children = (
				6759EFD81ECC20C400ABAD0D /* Base */,
			);
			name = LaunchScreen.storyboard;
			sourceTree = "<group>";
		};
/* End PBXVariantGroup section */

/* Begin XCBuildConfiguration section */
		6759EFDB1ECC20C400ABAD0D /* Debug */ = {
			isa = XCBuildConfiguration;
			buildSettings = {
				ALWAYS_SEARCH_USER_PATHS = NO;
				CLANG_ANALYZER_NONNULL = YES;
				CLANG_CXX_LANGUAGE_STANDARD = "gnu++0x";
				CLANG_CXX_LIBRARY = "libc++";
				CLANG_ENABLE_MODULES = YES;
				CLANG_ENABLE_OBJC_ARC = YES;
				CLANG_WARN_BOOL_CONVERSION = YES;
				CLANG_WARN_CONSTANT_CONVERSION = YES;
				CLANG_WARN_DIRECT_OBJC_ISA_USAGE = YES_ERROR;
				CLANG_WARN_DOCUMENTATION_COMMENTS = YES;
				CLANG_WARN_EMPTY_BODY = YES;
				CLANG_WARN_ENUM_CONVERSION = YES;
				CLANG_WARN_INFINITE_RECURSION = YES;
				CLANG_WARN_INT_CONVERSION = YES;
				CLANG_WARN_OBJC_ROOT_CLASS = YES_ERROR;
				CLANG_WARN_SUSPICIOUS_MOVE = YES;
				CLANG_WARN_UNREACHABLE_CODE = YES;
				CLANG_WARN__DUPLICATE_METHOD_MATCH = YES;
				"CODE_SIGN_IDENTITY[sdk=iphoneos*]" = "iPhone Developer";
				COPY_PHASE_STRIP = NO;
				DEBUG_INFORMATION_FORMAT = dwarf;
				ENABLE_STRICT_OBJC_MSGSEND = YES;
				ENABLE_TESTABILITY = YES;
				GCC_C_LANGUAGE_STANDARD = gnu99;
				GCC_DYNAMIC_NO_PIC = NO;
				GCC_NO_COMMON_BLOCKS = YES;
				GCC_OPTIMIZATION_LEVEL = 0;
				GCC_PREPROCESSOR_DEFINITIONS = (
					"DEBUG=1",
					"$(inherited)",
				);
				GCC_WARN_64_TO_32_BIT_CONVERSION = YES;
				GCC_WARN_ABOUT_RETURN_TYPE = YES_ERROR;
				GCC_WARN_UNDECLARED_SELECTOR = YES;
				GCC_WARN_UNINITIALIZED_AUTOS = YES_AGGRESSIVE;
				GCC_WARN_UNUSED_FUNCTION = YES;
				GCC_WARN_UNUSED_VARIABLE = YES;
				IPHONEOS_DEPLOYMENT_TARGET = 10.2;
				MTL_ENABLE_DEBUG_INFO = YES;
				ONLY_ACTIVE_ARCH = YES;
				SDKROOT = iphoneos;
				SWIFT_ACTIVE_COMPILATION_CONDITIONS = DEBUG;
				SWIFT_OPTIMIZATION_LEVEL = "-Onone";
			};
			name = Debug;
		};
		6759EFDC1ECC20C400ABAD0D /* Release */ = {
			isa = XCBuildConfiguration;
			buildSettings = {
				ALWAYS_SEARCH_USER_PATHS = NO;
				CLANG_ANALYZER_NONNULL = YES;
				CLANG_CXX_LANGUAGE_STANDARD = "gnu++0x";
				CLANG_CXX_LIBRARY = "libc++";
				CLANG_ENABLE_MODULES = YES;
				CLANG_ENABLE_OBJC_ARC = YES;
				CLANG_WARN_BOOL_CONVERSION = YES;
				CLANG_WARN_CONSTANT_CONVERSION = YES;
				CLANG_WARN_DIRECT_OBJC_ISA_USAGE = YES_ERROR;
				CLANG_WARN_DOCUMENTATION_COMMENTS = YES;
				CLANG_WARN_EMPTY_BODY = YES;
				CLANG_WARN_ENUM_CONVERSION = YES;
				CLANG_WARN_INFINITE_RECURSION = YES;
				CLANG_WARN_INT_CONVERSION = YES;
				CLANG_WARN_OBJC_ROOT_CLASS = YES_ERROR;
				CLANG_WARN_SUSPICIOUS_MOVE = YES;
				CLANG_WARN_UNREACHABLE_CODE = YES;
				CLANG_WARN__DUPLICATE_METHOD_MATCH = YES;
				"CODE_SIGN_IDENTITY[sdk=iphoneos*]" = "iPhone Developer";
				COPY_PHASE_STRIP = NO;
				DEBUG_INFORMATION_FORMAT = "dwarf-with-dsym";
				ENABLE_NS_ASSERTIONS = NO;
				ENABLE_STRICT_OBJC_MSGSEND = YES;
				GCC_C_LANGUAGE_STANDARD = gnu99;
				GCC_NO_COMMON_BLOCKS = YES;
				GCC_WARN_64_TO_32_BIT_CONVERSION = YES;
				GCC_WARN_ABOUT_RETURN_TYPE = YES_ERROR;
				GCC_WARN_UNDECLARED_SELECTOR = YES;
				GCC_WARN_UNINITIALIZED_AUTOS = YES_AGGRESSIVE;
				GCC_WARN_UNUSED_FUNCTION = YES;
				GCC_WARN_UNUSED_VARIABLE = YES;
				IPHONEOS_DEPLOYMENT_TARGET = 10.2;
				MTL_ENABLE_DEBUG_INFO = NO;
				SDKROOT = iphoneos;
				SWIFT_OPTIMIZATION_LEVEL = "-Owholemodule";
				VALIDATE_PRODUCT = YES;
			};
			name = Release;
		};
		6759EFDE1ECC20C400ABAD0D /* Debug */ = {
			isa = XCBuildConfiguration;
			buildSettings = {
				ASSETCATALOG_COMPILER_APPICON_NAME = AppIcon;
				CLANG_ENABLE_MODULES = YES;
				DEVELOPMENT_TEAM = RXRA63Q8FB;
				INFOPLIST_FILE = testFAQ/Info.plist;
				LD_RUNPATH_SEARCH_PATHS = "$(inherited) @executable_path/Frameworks";
				PRODUCT_BUNDLE_IDENTIFIER = com.ps.testFAQ;
				PRODUCT_NAME = "$(TARGET_NAME)";
				SWIFT_OBJC_BRIDGING_HEADER = "testFAQ/testFAQ-Bridging-Header.h";
				SWIFT_OPTIMIZATION_LEVEL = "-Onone";
				SWIFT_VERSION = 3.0;
			};
			name = Debug;
		};
		6759EFDF1ECC20C400ABAD0D /* Release */ = {
			isa = XCBuildConfiguration;
			buildSettings = {
				ASSETCATALOG_COMPILER_APPICON_NAME = AppIcon;
				CLANG_ENABLE_MODULES = YES;
				DEVELOPMENT_TEAM = RXRA63Q8FB;
				INFOPLIST_FILE = testFAQ/Info.plist;
				LD_RUNPATH_SEARCH_PATHS = "$(inherited) @executable_path/Frameworks";
				PRODUCT_BUNDLE_IDENTIFIER = com.ps.testFAQ;
				PRODUCT_NAME = "$(TARGET_NAME)";
				SWIFT_OBJC_BRIDGING_HEADER = "testFAQ/testFAQ-Bridging-Header.h";
				SWIFT_VERSION = 3.0;
			};
			name = Release;
		};
/* End XCBuildConfiguration section */

/* Begin XCConfigurationList section */
		6759EFC31ECC20C100ABAD0D /* Build configuration list for PBXProject "testFAQ" */ = {
			isa = XCConfigurationList;
			buildConfigurations = (
				6759EFDB1ECC20C400ABAD0D /* Debug */,
				6759EFDC1ECC20C400ABAD0D /* Release */,
			);
			defaultConfigurationIsVisible = 0;
			defaultConfigurationName = Release;
		};
		6759EFDD1ECC20C400ABAD0D /* Build configuration list for PBXNativeTarget "testFAQ" */ = {
			isa = XCConfigurationList;
			buildConfigurations = (
				6759EFDE1ECC20C400ABAD0D /* Debug */,
				6759EFDF1ECC20C400ABAD0D /* Release */,
			);
			defaultConfigurationIsVisible = 0;
		};
/* End XCConfigurationList section */

/* Begin XCVersionGroup section */
		6759EFD21ECC20C300ABAD0D /* testFAQ.xcdatamodeld */ = {
			isa = XCVersionGroup;
			children = (
				6759EFD31ECC20C300ABAD0D /* testFAQ.xcdatamodel */,
			);
			currentVersion = 6759EFD31ECC20C300ABAD0D /* testFAQ.xcdatamodel */;
			path = testFAQ.xcdatamodeld;
			sourceTree = "<group>";
			versionGroupType = wrapper.xcdatamodel;
		};
/* End XCVersionGroup section */
	};
	rootObject = 6759EFC01ECC20C100ABAD0D /* Project object */;
}
